
Microsoft Visual Studio Solution File, Format Version 12.00
# Visual Studio Version 16
VisualStudioVersion = 16.0.29806.167
MinimumVisualStudioVersion = 10.0.40219.1
Project("{9A19103F-16F7-4668-BE54-9A1E7A4F7556}") = "Saasu.API.Core", "Saasu.API.Core\Saasu.API.Core.csproj", "{70EB4B54-6EF7-4D01-956D-4D48067EABA6}"
EndProject
Project("{9A19103F-16F7-4668-BE54-9A1E7A4F7556}") = "Saasu.API.Client", "Saasu.API.Client\Saasu.API.Client.csproj", "{764E3C0B-5812-49DC-B5C2-1D347E1AFC02}"
EndProject
Project("{FAE04EC0-301F-11D3-BF4B-00C04F79EFBC}") = "Saasu.API.Client.IntegrationTests", "Saasu.API.Client.IntegrationTests\Saasu.API.Client.IntegrationTests.csproj", "{1A41D05F-3532-4DDC-BBDE-D501A60D4563}"
EndProject
Global
	GlobalSection(SolutionConfigurationPlatforms) = preSolution
		CI|Any CPU = CI|Any CPU
		Debug|Any CPU = Debug|Any CPU
		Release|Any CPU = Release|Any CPU
		Staging|Any CPU = Staging|Any CPU
	EndGlobalSection
	GlobalSection(ProjectConfigurationPlatforms) = postSolution
		{70EB4B54-6EF7-4D01-956D-4D48067EABA6}.CI|Any CPU.ActiveCfg = Debug|Any CPU
		{70EB4B54-6EF7-4D01-956D-4D48067EABA6}.CI|Any CPU.Build.0 = Debug|Any CPU
		{70EB4B54-6EF7-4D01-956D-4D48067EABA6}.Debug|Any CPU.ActiveCfg = Debug|Any CPU
		{70EB4B54-6EF7-4D01-956D-4D48067EABA6}.Debug|Any CPU.Build.0 = Debug|Any CPU
		{70EB4B54-6EF7-4D01-956D-4D48067EABA6}.Release|Any CPU.ActiveCfg = Release|Any CPU
		{70EB4B54-6EF7-4D01-956D-4D48067EABA6}.Release|Any CPU.Build.0 = Release|Any CPU
		{70EB4B54-6EF7-4D01-956D-4D48067EABA6}.Staging|Any CPU.ActiveCfg = Debug|Any CPU
		{70EB4B54-6EF7-4D01-956D-4D48067EABA6}.Staging|Any CPU.Build.0 = Debug|Any CPU
		{764E3C0B-5812-49DC-B5C2-1D347E1AFC02}.CI|Any CPU.ActiveCfg = Debug|Any CPU
		{764E3C0B-5812-49DC-B5C2-1D347E1AFC02}.CI|Any CPU.Build.0 = Debug|Any CPU
		{764E3C0B-5812-49DC-B5C2-1D347E1AFC02}.Debug|Any CPU.ActiveCfg = Debug|Any CPU
		{764E3C0B-5812-49DC-B5C2-1D347E1AFC02}.Debug|Any CPU.Build.0 = Debug|Any CPU
		{764E3C0B-5812-49DC-B5C2-1D347E1AFC02}.Release|Any CPU.ActiveCfg = Release|Any CPU
		{764E3C0B-5812-49DC-B5C2-1D347E1AFC02}.Release|Any CPU.Build.0 = Release|Any CPU
		{764E3C0B-5812-49DC-B5C2-1D347E1AFC02}.Staging|Any CPU.ActiveCfg = Debug|Any CPU
		{764E3C0B-5812-49DC-B5C2-1D347E1AFC02}.Staging|Any CPU.Build.0 = Debug|Any CPU
		{1A41D05F-3532-4DDC-BBDE-D501A60D4563}.CI|Any CPU.ActiveCfg = Debug|Any CPU
		{1A41D05F-3532-4DDC-BBDE-D501A60D4563}.CI|Any CPU.Build.0 = Debug|Any CPU
		{1A41D05F-3532-4DDC-BBDE-D501A60D4563}.Debug|Any CPU.ActiveCfg = Debug|Any CPU
		{1A41D05F-3532-4DDC-BBDE-D501A60D4563}.Debug|Any CPU.Build.0 = Debug|Any CPU
		{1A41D05F-3532-4DDC-BBDE-D501A60D4563}.Release|Any CPU.ActiveCfg = Release|Any CPU
		{1A41D05F-3532-4DDC-BBDE-D501A60D4563}.Release|Any CPU.Build.0 = Release|Any CPU
		{1A41D05F-3532-4DDC-BBDE-D501A60D4563}.Staging|Any CPU.ActiveCfg = Debug|Any CPU
		{1A41D05F-3532-4DDC-BBDE-D501A60D4563}.Staging|Any CPU.Build.0 = Debug|Any CPU
	EndGlobalSection
	GlobalSection(SolutionProperties) = preSolution
		HideSolutionNode = FALSE
	EndGlobalSection
	GlobalSection(ExtensibilityGlobals) = postSolution
		SolutionGuid = {28F6C4CF-3161-4F11-838A-9DB4AE920D85}
	EndGlobalSection
EndGlobal
